PODS:
  - CrashLogManager (0.1.1):
    - CrashLogManager/IQParseSDK (= 0.1.1)
  - CrashLogManager/IQParseSDK (0.1.1)
  - FBSnapshotTestCase (1.4)

DEPENDENCIES:
  - CrashLogManager (from `../`)
  - FBSnapshotTestCase

EXTERNAL SOURCES:
  CrashLogManager:
    :path: ../

SPEC CHECKSUMS:
  CrashLogManager: 8adf8a0307ea191ee43ba60ed7d8042d87747e88
  FBSnapshotTestCase: f9f225b5ba11c8d8c09075590490df16314e4d62

COCOAPODS: 0.35.0.rc1
